// !$*UTF8*$!
{
	archiveVersion = 1;
	classes = {
	};
	objectVersion = 56;
	objects = {

/* Begin PBXBuildFile section */
		C70462222ADEDB67009F5DD4 /* NetworkViewModel.swift in Sources */ = {isa = PBXBuildFile; fileRef = C70462212ADEDB67009F5DD4 /* NetworkViewModel.swift */; };
		C704625C2ADFCF6F009F5DD4 /* App.swift in Sources */ = {isa = PBXBuildFile; fileRef = C704625B2ADFCF6F009F5DD4 /* App.swift */; };
		C704625E2ADFCF6F009F5DD4 /* ContentView.swift in Sources */ = {isa = PBXBuildFile; fileRef = C704625D2ADFCF6F009F5DD4 /* ContentView.swift */; };
		C70462602ADFCF70009F5DD4 /* Assets.xcassets in Resources */ = {isa = PBXBuildFile; fileRef = C704625F2ADFCF70009F5DD4 /* Assets.xcassets */; };
		C70462632ADFCF70009F5DD4 /* Preview Assets.xcassets in Resources */ = {isa = PBXBuildFile; fileRef = C70462622ADFCF70009F5DD4 /* Preview Assets.xcassets */; };
		C704626D2ADFCF70009F5DD4 /* vt1_Watch_AppTests.swift in Sources */ = {isa = PBXBuildFile; fileRef = C704626C2ADFCF70009F5DD4 /* vt1_Watch_AppTests.swift */; };
		C70462772ADFCF70009F5DD4 /* vt1_watchos_Watch_AppUITests.swift in Sources */ = {isa = PBXBuildFile; fileRef = C70462762ADFCF70009F5DD4 /* vt1_watchos_Watch_AppUITests.swift */; };
		C70462792ADFCF70009F5DD4 /* vt1_watchos_Watch_AppUITestsLaunchTests.swift in Sources */ = {isa = PBXBuildFile; fileRef = C70462782ADFCF70009F5DD4 /* vt1_watchos_Watch_AppUITestsLaunchTests.swift */; };
		C704627C2ADFCF70009F5DD4 /* vt1 Watch App.app in Embed Watch Content */ = {isa = PBXBuildFile; fileRef = C70462592ADFCF6F009F5DD4 /* vt1 Watch App.app */; settings = {ATTRIBUTES = (RemoveHeadersOnCopy, ); }; };
		C70462902AE5899E009F5DD4 /* SensorData.swift in Sources */ = {isa = PBXBuildFile; fileRef = C704628F2AE5899E009F5DD4 /* SensorData.swift */; };
		C71BA45A2BC43ABF007430D2 /* TimerManager.swift in Sources */ = {isa = PBXBuildFile; fileRef = C71BA4592BC43ABF007430D2 /* TimerManager.swift */; };
		C71BA45B2BC43ABF007430D2 /* TimerManager.swift in Sources */ = {isa = PBXBuildFile; fileRef = C71BA4592BC43ABF007430D2 /* TimerManager.swift */; };
		C72BDCDB2AF908DE00A3A563 /* DataSource.swift in Sources */ = {isa = PBXBuildFile; fileRef = C72BDCDA2AF908DE00A3A563 /* DataSource.swift */; };
		C72BDCDC2AF908DE00A3A563 /* DataSource.swift in Sources */ = {isa = PBXBuildFile; fileRef = C72BDCDA2AF908DE00A3A563 /* DataSource.swift */; };
		C72BDCDE2AF9275400A3A563 /* RecordingDetailView.swift in Sources */ = {isa = PBXBuildFile; fileRef = C72BDCDD2AF9275400A3A563 /* RecordingDetailView.swift */; };
		C72BDCE32AFD409D00A3A563 /* SyncView.swift in Sources */ = {isa = PBXBuildFile; fileRef = C72BDCE22AFD409D00A3A563 /* SyncView.swift */; };
		C7327B832ADD5D8200F16E63 /* App.swift in Sources */ = {isa = PBXBuildFile; fileRef = C7327B822ADD5D8200F16E63 /* App.swift */; };
		C7327B852ADD5D8200F16E63 /* ContentView.swift in Sources */ = {isa = PBXBuildFile; fileRef = C7327B842ADD5D8200F16E63 /* ContentView.swift */; };
		C7327B892ADD5D8300F16E63 /* Assets.xcassets in Resources */ = {isa = PBXBuildFile; fileRef = C7327B882ADD5D8300F16E63 /* Assets.xcassets */; };
		C7327B8C2ADD5D8300F16E63 /* Preview Assets.xcassets in Resources */ = {isa = PBXBuildFile; fileRef = C7327B8B2ADD5D8300F16E63 /* Preview Assets.xcassets */; };
		C7327B962ADD5D8300F16E63 /* vt1_ios_Mobile_AppTests.swift in Sources */ = {isa = PBXBuildFile; fileRef = C7327B952ADD5D8300F16E63 /* vt1_ios_Mobile_AppTests.swift */; };
		C7327BA02ADD5D8300F16E63 /* vt1_ios_Mobile_App1UITests.swift in Sources */ = {isa = PBXBuildFile; fileRef = C7327B9F2ADD5D8300F16E63 /* vt1_ios_Mobile_App1UITests.swift */; };
		C7327BA22ADD5D8300F16E63 /* vt1UITestsLaunchTests.swift in Sources */ = {isa = PBXBuildFile; fileRef = C7327BA12ADD5D8300F16E63 /* vt1UITestsLaunchTests.swift */; };
		C73A2C422AF7AA54009C046B /* ConnectivityManager.swift in Sources */ = {isa = PBXBuildFile; fileRef = C73A2C412AF7AA54009C046B /* ConnectivityManager.swift */; };
		C73A2C432AF7AA54009C046B /* ConnectivityManager.swift in Sources */ = {isa = PBXBuildFile; fileRef = C73A2C412AF7AA54009C046B /* ConnectivityManager.swift */; };
		C73A2C442AF7DB5A009C046B /* SensorData.swift in Sources */ = {isa = PBXBuildFile; fileRef = C704628F2AE5899E009F5DD4 /* SensorData.swift */; };
		C73A2C452AF7DB5D009C046B /* RecordingData.swift in Sources */ = {isa = PBXBuildFile; fileRef = C778EF922AE95A120086F894 /* RecordingData.swift */; };
		C74A61B62C03563400D4596A /* Array.swift in Sources */ = {isa = PBXBuildFile; fileRef = C74A61B52C03563400D4596A /* Array.swift */; };
		C74A61B72C03563400D4596A /* Array.swift in Sources */ = {isa = PBXBuildFile; fileRef = C74A61B52C03563400D4596A /* Array.swift */; };
		C74B13512B0137AF008302F3 /* RecordingListViewModel.swift in Sources */ = {isa = PBXBuildFile; fileRef = C74B13502B0137AF008302F3 /* RecordingListViewModel.swift */; };
		C75583812B54471500451621 /* TimeInterval.swift in Sources */ = {isa = PBXBuildFile; fileRef = C75583802B54471500451621 /* TimeInterval.swift */; };
		C75583822B54471500451621 /* TimeInterval.swift in Sources */ = {isa = PBXBuildFile; fileRef = C75583802B54471500451621 /* TimeInterval.swift */; };
		C755927D2B17918F00972671 /* SessionManager.swift in Sources */ = {isa = PBXBuildFile; fileRef = C755927C2B17918F00972671 /* SessionManager.swift */; };
		C768E5C12BCD696E0051E567 /* StartRecordingViewModel.swift in Sources */ = {isa = PBXBuildFile; fileRef = C768E5C02BCD696E0051E567 /* StartRecordingViewModel.swift */; };
		C768E5C42BD000580051E567 /* SyncData.swift in Sources */ = {isa = PBXBuildFile; fileRef = C768E5C32BD000580051E567 /* SyncData.swift */; };
		C768E5C62BD001260051E567 /* DataSourceIOS.swift in Sources */ = {isa = PBXBuildFile; fileRef = C768E5C52BD001260051E567 /* DataSourceIOS.swift */; };
		C768E5C82BD00C2A0051E567 /* DataSourceWatchOS.swift in Sources */ = {isa = PBXBuildFile; fileRef = C768E5C72BD00C2A0051E567 /* DataSourceWatchOS.swift */; };
		C768E5CD2BD947EF0051E567 /* CompressedData.swift in Sources */ = {isa = PBXBuildFile; fileRef = C768E5CC2BD947EF0051E567 /* CompressedData.swift */; };
		C768E5D02BD950800051E567 /* CompressionManager.swift in Sources */ = {isa = PBXBuildFile; fileRef = C768E5CF2BD950800051E567 /* CompressionManager.swift */; };
		C768E5D12BD950800051E567 /* CompressionManager.swift in Sources */ = {isa = PBXBuildFile; fileRef = C768E5CF2BD950800051E567 /* CompressionManager.swift */; };
		C7713C1B2B0B71DB001C7768 /* SyncView.swift in Sources */ = {isa = PBXBuildFile; fileRef = C7713C1A2B0B71DB001C7768 /* SyncView.swift */; };
		C7778DC42B0CFB1A00E5D9ED /* WorkoutManager.swift in Sources */ = {isa = PBXBuildFile; fileRef = C7778DC32B0CFB1A00E5D9ED /* WorkoutManager.swift */; };
		C7778DC52B0CFB1A00E5D9ED /* WorkoutManager.swift in Sources */ = {isa = PBXBuildFile; fileRef = C7778DC32B0CFB1A00E5D9ED /* WorkoutManager.swift */; };
		C7778DC72B0D007900E5D9ED /* WorkoutManagerIOS.swift in Sources */ = {isa = PBXBuildFile; fileRef = C7778DC62B0D007900E5D9ED /* WorkoutManagerIOS.swift */; };
		C7778DC92B0D008600E5D9ED /* WorkoutManagerWatchOS.swift in Sources */ = {isa = PBXBuildFile; fileRef = C7778DC82B0D008600E5D9ED /* WorkoutManagerWatchOS.swift */; };
		C7778DCF2B10A9FF00E5D9ED /* RecordingManager.swift in Sources */ = {isa = PBXBuildFile; fileRef = C7778DCD2B10A9FF00E5D9ED /* RecordingManager.swift */; };
		C778EF912AE954D90086F894 /* RecordingListView.swift in Sources */ = {isa = PBXBuildFile; fileRef = C778EF902AE954D90086F894 /* RecordingListView.swift */; };
		C778EF932AE95A120086F894 /* RecordingData.swift in Sources */ = {isa = PBXBuildFile; fileRef = C778EF922AE95A120086F894 /* RecordingData.swift */; };
		C778EF982AEC4E6F0086F894 /* RecordingListView.swift in Sources */ = {isa = PBXBuildFile; fileRef = C778EF962AEC45CB0086F894 /* RecordingListView.swift */; };
		C778EF992AEC4E6F0086F894 /* StartRecordingView.swift in Sources */ = {isa = PBXBuildFile; fileRef = C778EF942AEC44BD0086F894 /* StartRecordingView.swift */; };
		C7C44CEE2B10FC6100789EAA /* SessionManager.swift in Sources */ = {isa = PBXBuildFile; fileRef = C7C44CEC2B10FC6100789EAA /* SessionManager.swift */; };
		C7C44CF02B136B5700789EAA /* ConnectivityManagerWatchOS.swift in Sources */ = {isa = PBXBuildFile; fileRef = C7C44CEF2B136B5700789EAA /* ConnectivityManagerWatchOS.swift */; };
		C7C44CF22B136BA200789EAA /* ConnectivityManagerIOS.swift in Sources */ = {isa = PBXBuildFile; fileRef = C7C44CF12B136BA200789EAA /* ConnectivityManagerIOS.swift */; };
		C7C8A2C92AE948F500D7CFBF /* MotionView.swift in Sources */ = {isa = PBXBuildFile; fileRef = C7C8A2C82AE948F500D7CFBF /* MotionView.swift */; };
		C7CF341B2B34D6C9006EE207 /* SessionManagerTest.swift in Sources */ = {isa = PBXBuildFile; fileRef = C7CF341A2B34D6C9006EE207 /* SessionManagerTest.swift */; };
		C7CF341E2B34D78A006EE207 /* ConnectivityManagerTest.swift in Sources */ = {isa = PBXBuildFile; fileRef = C7CF341D2B34D78A006EE207 /* ConnectivityManagerTest.swift */; };
		C7CF341F2B34D78A006EE207 /* ConnectivityManagerTest.swift in Sources */ = {isa = PBXBuildFile; fileRef = C7CF341D2B34D78A006EE207 /* ConnectivityManagerTest.swift */; };
		C7CF34212B34D7CE006EE207 /* DataSourceTest.swift in Sources */ = {isa = PBXBuildFile; fileRef = C7CF34202B34D7CE006EE207 /* DataSourceTest.swift */; };
		C7CF34222B34D7CE006EE207 /* DataSourceTest.swift in Sources */ = {isa = PBXBuildFile; fileRef = C7CF34202B34D7CE006EE207 /* DataSourceTest.swift */; };
		C7CF34242B34D7DC006EE207 /* WorkoutManagerTest.swift in Sources */ = {isa = PBXBuildFile; fileRef = C7CF34232B34D7DC006EE207 /* WorkoutManagerTest.swift */; };
		C7CF34252B34D7DC006EE207 /* WorkoutManagerTest.swift in Sources */ = {isa = PBXBuildFile; fileRef = C7CF34232B34D7DC006EE207 /* WorkoutManagerTest.swift */; };
		C7CF34272B34D803006EE207 /* RecordingManagerTest.swift in Sources */ = {isa = PBXBuildFile; fileRef = C7CF34262B34D803006EE207 /* RecordingManagerTest.swift */; };
		C7CF34292B34D82E006EE207 /* ConnectivityManagerWatchOSTest.swift in Sources */ = {isa = PBXBuildFile; fileRef = C7CF34282B34D82E006EE207 /* ConnectivityManagerWatchOSTest.swift */; };
		C7DF9C762B9C6B350096FD89 /* LogStore.swift in Sources */ = {isa = PBXBuildFile; fileRef = C7DF9C752B9C6B350096FD89 /* LogStore.swift */; };
		C7DF9C772B9C6B350096FD89 /* LogStore.swift in Sources */ = {isa = PBXBuildFile; fileRef = C7DF9C752B9C6B350096FD89 /* LogStore.swift */; };
		C7DF9C792B9CD31D0096FD89 /* Logger.swift in Sources */ = {isa = PBXBuildFile; fileRef = C7DF9C782B9CD31D0096FD89 /* Logger.swift */; };
		C7DF9C7A2B9CD31D0096FD89 /* Logger.swift in Sources */ = {isa = PBXBuildFile; fileRef = C7DF9C782B9CD31D0096FD89 /* Logger.swift */; };
		C7F8C1A72B332BBA00FABF84 /* SyncViewModel.swift in Sources */ = {isa = PBXBuildFile; fileRef = C7F8C1A62B332BBA00FABF84 /* SyncViewModel.swift */; };
		C7F8C1AD2B3333A800FABF84 /* SyncViewModel.swift in Sources */ = {isa = PBXBuildFile; fileRef = C7F8C1AC2B3333A800FABF84 /* SyncViewModel.swift */; };
/* End PBXBuildFile section */

/* Begin PBXContainerItemProxy section */
		C70462692ADFCF70009F5DD4 /* PBXContainerItemProxy */ = {
			isa = PBXContainerItemProxy;
			containerPortal = C7327B772ADD5D8200F16E63 /* Project object */;
			proxyType = 1;
			remoteGlobalIDString = C70462582ADFCF6F009F5DD4;
			remoteInfo = "vt1_watchos Watch App";
		};
		C70462732ADFCF70009F5DD4 /* PBXContainerItemProxy */ = {
			isa = PBXContainerItemProxy;
			containerPortal = C7327B772ADD5D8200F16E63 /* Project object */;
			proxyType = 1;
			remoteGlobalIDString = C70462582ADFCF6F009F5DD4;
			remoteInfo = "vt1_watchos Watch App";
		};
		C704627A2ADFCF70009F5DD4 /* PBXContainerItemProxy */ = {
			isa = PBXContainerItemProxy;
			containerPortal = C7327B772ADD5D8200F16E63 /* Project object */;
			proxyType = 1;
			remoteGlobalIDString = C70462582ADFCF6F009F5DD4;
			remoteInfo = "vt1_watchos Watch App";
		};
		C7327B922ADD5D8300F16E63 /* PBXContainerItemProxy */ = {
			isa = PBXContainerItemProxy;
			containerPortal = C7327B772ADD5D8200F16E63 /* Project object */;
			proxyType = 1;
			remoteGlobalIDString = C7327B7E2ADD5D8200F16E63;
			remoteInfo = vt1;
		};
		C7327B9C2ADD5D8300F16E63 /* PBXContainerItemProxy */ = {
			isa = PBXContainerItemProxy;
			containerPortal = C7327B772ADD5D8200F16E63 /* Project object */;
			proxyType = 1;
			remoteGlobalIDString = C7327B7E2ADD5D8200F16E63;
			remoteInfo = vt1;
		};
/* End PBXContainerItemProxy section */

/* Begin PBXCopyFilesBuildPhase section */
		C704627D2ADFCF70009F5DD4 /* Embed Watch Content */ = {
			isa = PBXCopyFilesBuildPhase;
			buildActionMask = 2147483647;
			dstPath = "$(CONTENTS_FOLDER_PATH)/Watch";
			dstSubfolderSpec = 16;
			files = (
				C704627C2ADFCF70009F5DD4 /* vt1 Watch App.app in Embed Watch Content */,
			);
			name = "Embed Watch Content";
			runOnlyForDeploymentPostprocessing = 0;
		};
/* End PBXCopyFilesBuildPhase section */

/* Begin PBXFileReference section */
		C70462212ADEDB67009F5DD4 /* NetworkViewModel.swift */ = {isa = PBXFileReference; lastKnownFileType = sourcecode.swift; path = NetworkViewModel.swift; sourceTree = "<group>"; };
		C70462592ADFCF6F009F5DD4 /* vt1 Watch App.app */ = {isa = PBXFileReference; explicitFileType = wrapper.application; includeInIndex = 0; path = "vt1 Watch App.app"; sourceTree = BUILT_PRODUCTS_DIR; };
		C704625B2ADFCF6F009F5DD4 /* App.swift */ = {isa = PBXFileReference; lastKnownFileType = sourcecode.swift; path = App.swift; sourceTree = "<group>"; };
		C704625D2ADFCF6F009F5DD4 /* ContentView.swift */ = {isa = PBXFileReference; lastKnownFileType = sourcecode.swift; path = ContentView.swift; sourceTree = "<group>"; };
		C704625F2ADFCF70009F5DD4 /* Assets.xcassets */ = {isa = PBXFileReference; lastKnownFileType = folder.assetcatalog; path = Assets.xcassets; sourceTree = "<group>"; };
		C70462622ADFCF70009F5DD4 /* Preview Assets.xcassets */ = {isa = PBXFileReference; lastKnownFileType = folder.assetcatalog; path = "Preview Assets.xcassets"; sourceTree = "<group>"; };
		C70462682ADFCF70009F5DD4 /* vt1 Watch AppTests.xctest */ = {isa = PBXFileReference; explicitFileType = wrapper.cfbundle; includeInIndex = 0; path = "vt1 Watch AppTests.xctest"; sourceTree = BUILT_PRODUCTS_DIR; };
		C704626C2ADFCF70009F5DD4 /* vt1_Watch_AppTests.swift */ = {isa = PBXFileReference; lastKnownFileType = sourcecode.swift; path = vt1_Watch_AppTests.swift; sourceTree = "<group>"; };
		C70462722ADFCF70009F5DD4 /* vtt1 Watch AppUITests.xctest */ = {isa = PBXFileReference; explicitFileType = wrapper.cfbundle; includeInIndex = 0; path = "vtt1 Watch AppUITests.xctest"; sourceTree = BUILT_PRODUCTS_DIR; };
		C70462762ADFCF70009F5DD4 /* vt1_watchos_Watch_AppUITests.swift */ = {isa = PBXFileReference; lastKnownFileType = sourcecode.swift; path = vt1_watchos_Watch_AppUITests.swift; sourceTree = "<group>"; };
		C70462782ADFCF70009F5DD4 /* vt1_watchos_Watch_AppUITestsLaunchTests.swift */ = {isa = PBXFileReference; lastKnownFileType = sourcecode.swift; path = vt1_watchos_Watch_AppUITestsLaunchTests.swift; sourceTree = "<group>"; };
		C704628F2AE5899E009F5DD4 /* SensorData.swift */ = {isa = PBXFileReference; lastKnownFileType = sourcecode.swift; path = SensorData.swift; sourceTree = "<group>"; };
		C71BA4592BC43ABF007430D2 /* TimerManager.swift */ = {isa = PBXFileReference; lastKnownFileType = sourcecode.swift; path = TimerManager.swift; sourceTree = "<group>"; };
		C729084E2BA5BA5E00ED7183 /* vt1-Watch-App-Info.plist */ = {isa = PBXFileReference; lastKnownFileType = text.plist; path = "vt1-Watch-App-Info.plist"; sourceTree = "<group>"; };
		C729084F2BA5BA6C00ED7183 /* vt1-Mobile-App-Info.plist */ = {isa = PBXFileReference; lastKnownFileType = text.plist; path = "vt1-Mobile-App-Info.plist"; sourceTree = "<group>"; };
		C72BDCDA2AF908DE00A3A563 /* DataSource.swift */ = {isa = PBXFileReference; lastKnownFileType = sourcecode.swift; path = DataSource.swift; sourceTree = "<group>"; };
		C72BDCDD2AF9275400A3A563 /* RecordingDetailView.swift */ = {isa = PBXFileReference; lastKnownFileType = sourcecode.swift; path = RecordingDetailView.swift; sourceTree = "<group>"; };
		C72BDCE22AFD409D00A3A563 /* SyncView.swift */ = {isa = PBXFileReference; lastKnownFileType = sourcecode.swift; path = SyncView.swift; sourceTree = "<group>"; };
		C7327B7F2ADD5D8200F16E63 /* vt1 Mobile App.app */ = {isa = PBXFileReference; explicitFileType = wrapper.application; includeInIndex = 0; path = "vt1 Mobile App.app"; sourceTree = BUILT_PRODUCTS_DIR; };
		C7327B822ADD5D8200F16E63 /* App.swift */ = {isa = PBXFileReference; lastKnownFileType = sourcecode.swift; path = App.swift; sourceTree = "<group>"; };
		C7327B842ADD5D8200F16E63 /* ContentView.swift */ = {isa = PBXFileReference; lastKnownFileType = sourcecode.swift; path = ContentView.swift; sourceTree = "<group>"; };
		C7327B882ADD5D8300F16E63 /* Assets.xcassets */ = {isa = PBXFileReference; lastKnownFileType = folder.assetcatalog; path = Assets.xcassets; sourceTree = "<group>"; };
		C7327B8B2ADD5D8300F16E63 /* Preview Assets.xcassets */ = {isa = PBXFileReference; lastKnownFileType = folder.assetcatalog; path = "Preview Assets.xcassets"; sourceTree = "<group>"; };
		C7327B912ADD5D8300F16E63 /* vt1 Mobile App Tests.xctest */ = {isa = PBXFileReference; explicitFileType = wrapper.cfbundle; includeInIndex = 0; path = "vt1 Mobile App Tests.xctest"; sourceTree = BUILT_PRODUCTS_DIR; };
		C7327B952ADD5D8300F16E63 /* vt1_ios_Mobile_AppTests.swift */ = {isa = PBXFileReference; lastKnownFileType = sourcecode.swift; path = vt1_ios_Mobile_AppTests.swift; sourceTree = "<group>"; };
		C7327B9B2ADD5D8300F16E63 /* vt1 Mobile AppUITests.xctest */ = {isa = PBXFileReference; explicitFileType = wrapper.cfbundle; includeInIndex = 0; path = "vt1 Mobile AppUITests.xctest"; sourceTree = BUILT_PRODUCTS_DIR; };
		C7327B9F2ADD5D8300F16E63 /* vt1_ios_Mobile_App1UITests.swift */ = {isa = PBXFileReference; lastKnownFileType = sourcecode.swift; path = vt1_ios_Mobile_App1UITests.swift; sourceTree = "<group>"; };
		C7327BA12ADD5D8300F16E63 /* vt1UITestsLaunchTests.swift */ = {isa = PBXFileReference; lastKnownFileType = sourcecode.swift; path = vt1UITestsLaunchTests.swift; sourceTree = "<group>"; };
		C73A2C412AF7AA54009C046B /* ConnectivityManager.swift */ = {isa = PBXFileReference; lastKnownFileType = sourcecode.swift; path = ConnectivityManager.swift; sourceTree = "<group>"; };
		C74A61B52C03563400D4596A /* Array.swift */ = {isa = PBXFileReference; lastKnownFileType = sourcecode.swift; path = Array.swift; sourceTree = "<group>"; };
		C74B13502B0137AF008302F3 /* RecordingListViewModel.swift */ = {isa = PBXFileReference; lastKnownFileType = sourcecode.swift; path = RecordingListViewModel.swift; sourceTree = "<group>"; };
		C75583802B54471500451621 /* TimeInterval.swift */ = {isa = PBXFileReference; lastKnownFileType = sourcecode.swift; path = TimeInterval.swift; sourceTree = "<group>"; };
		C755927C2B17918F00972671 /* SessionManager.swift */ = {isa = PBXFileReference; lastKnownFileType = sourcecode.swift; path = SessionManager.swift; sourceTree = "<group>"; };
		C768E5C02BCD696E0051E567 /* StartRecordingViewModel.swift */ = {isa = PBXFileReference; lastKnownFileType = sourcecode.swift; path = StartRecordingViewModel.swift; sourceTree = "<group>"; };
		C768E5C32BD000580051E567 /* SyncData.swift */ = {isa = PBXFileReference; lastKnownFileType = sourcecode.swift; path = SyncData.swift; sourceTree = "<group>"; };
		C768E5C52BD001260051E567 /* DataSourceIOS.swift */ = {isa = PBXFileReference; lastKnownFileType = sourcecode.swift; path = DataSourceIOS.swift; sourceTree = "<group>"; };
		C768E5C72BD00C2A0051E567 /* DataSourceWatchOS.swift */ = {isa = PBXFileReference; lastKnownFileType = sourcecode.swift; path = DataSourceWatchOS.swift; sourceTree = "<group>"; };
		C768E5CC2BD947EF0051E567 /* CompressedData.swift */ = {isa = PBXFileReference; lastKnownFileType = sourcecode.swift; path = CompressedData.swift; sourceTree = "<group>"; };
		C768E5CF2BD950800051E567 /* CompressionManager.swift */ = {isa = PBXFileReference; lastKnownFileType = sourcecode.swift; path = CompressionManager.swift; sourceTree = "<group>"; };
		C7713C1A2B0B71DB001C7768 /* SyncView.swift */ = {isa = PBXFileReference; lastKnownFileType = sourcecode.swift; path = SyncView.swift; sourceTree = "<group>"; };
		C7778DC32B0CFB1A00E5D9ED /* WorkoutManager.swift */ = {isa = PBXFileReference; lastKnownFileType = sourcecode.swift; path = WorkoutManager.swift; sourceTree = "<group>"; };
		C7778DC62B0D007900E5D9ED /* WorkoutManagerIOS.swift */ = {isa = PBXFileReference; lastKnownFileType = sourcecode.swift; path = WorkoutManagerIOS.swift; sourceTree = "<group>"; };
		C7778DC82B0D008600E5D9ED /* WorkoutManagerWatchOS.swift */ = {isa = PBXFileReference; lastKnownFileType = sourcecode.swift; path = WorkoutManagerWatchOS.swift; sourceTree = "<group>"; };
		C7778DCC2B0D222300E5D9ED /* vt1 Mobile App.entitlements */ = {isa = PBXFileReference; lastKnownFileType = text.plist.entitlements; path = "vt1 Mobile App.entitlements"; sourceTree = "<group>"; };
		C7778DCD2B10A9FF00E5D9ED /* RecordingManager.swift */ = {isa = PBXFileReference; lastKnownFileType = sourcecode.swift; path = RecordingManager.swift; sourceTree = "<group>"; };
		C778EF902AE954D90086F894 /* RecordingListView.swift */ = {isa = PBXFileReference; lastKnownFileType = sourcecode.swift; path = RecordingListView.swift; sourceTree = "<group>"; };
		C778EF922AE95A120086F894 /* RecordingData.swift */ = {isa = PBXFileReference; lastKnownFileType = sourcecode.swift; path = RecordingData.swift; sourceTree = "<group>"; };
		C778EF942AEC44BD0086F894 /* StartRecordingView.swift */ = {isa = PBXFileReference; lastKnownFileType = sourcecode.swift; path = StartRecordingView.swift; sourceTree = "<group>"; };
		C778EF962AEC45CB0086F894 /* RecordingListView.swift */ = {isa = PBXFileReference; lastKnownFileType = sourcecode.swift; path = RecordingListView.swift; sourceTree = "<group>"; };
		C7C44CEC2B10FC6100789EAA /* SessionManager.swift */ = {isa = PBXFileReference; lastKnownFileType = sourcecode.swift; path = SessionManager.swift; sourceTree = "<group>"; };
		C7C44CEF2B136B5700789EAA /* ConnectivityManagerWatchOS.swift */ = {isa = PBXFileReference; lastKnownFileType = sourcecode.swift; path = ConnectivityManagerWatchOS.swift; sourceTree = "<group>"; };
		C7C44CF12B136BA200789EAA /* ConnectivityManagerIOS.swift */ = {isa = PBXFileReference; lastKnownFileType = sourcecode.swift; path = ConnectivityManagerIOS.swift; sourceTree = "<group>"; };
		C7C8A2C82AE948F500D7CFBF /* MotionView.swift */ = {isa = PBXFileReference; lastKnownFileType = sourcecode.swift; path = MotionView.swift; sourceTree = "<group>"; };
		C7CA489E2B07D09D00023112 /* vt1 Watch App.entitlements */ = {isa = PBXFileReference; lastKnownFileType = text.plist.entitlements; path = "vt1 Watch App.entitlements"; sourceTree = "<group>"; };
		C7CF341A2B34D6C9006EE207 /* SessionManagerTest.swift */ = {isa = PBXFileReference; lastKnownFileType = sourcecode.swift; path = SessionManagerTest.swift; sourceTree = "<group>"; };
		C7CF341D2B34D78A006EE207 /* ConnectivityManagerTest.swift */ = {isa = PBXFileReference; lastKnownFileType = sourcecode.swift; path = ConnectivityManagerTest.swift; sourceTree = "<group>"; };
		C7CF34202B34D7CE006EE207 /* DataSourceTest.swift */ = {isa = PBXFileReference; lastKnownFileType = sourcecode.swift; path = DataSourceTest.swift; sourceTree = "<group>"; };
		C7CF34232B34D7DC006EE207 /* WorkoutManagerTest.swift */ = {isa = PBXFileReference; lastKnownFileType = sourcecode.swift; path = WorkoutManagerTest.swift; sourceTree = "<group>"; };
		C7CF34262B34D803006EE207 /* RecordingManagerTest.swift */ = {isa = PBXFileReference; lastKnownFileType = sourcecode.swift; path = RecordingManagerTest.swift; sourceTree = "<group>"; };
		C7CF34282B34D82E006EE207 /* ConnectivityManagerWatchOSTest.swift */ = {isa = PBXFileReference; lastKnownFileType = sourcecode.swift; path = ConnectivityManagerWatchOSTest.swift; sourceTree = "<group>"; };
		C7DF9C752B9C6B350096FD89 /* LogStore.swift */ = {isa = PBXFileReference; lastKnownFileType = sourcecode.swift; path = LogStore.swift; sourceTree = "<group>"; };
		C7DF9C782B9CD31D0096FD89 /* Logger.swift */ = {isa = PBXFileReference; lastKnownFileType = sourcecode.swift; path = Logger.swift; sourceTree = "<group>"; };
		C7F8C1A62B332BBA00FABF84 /* SyncViewModel.swift */ = {isa = PBXFileReference; lastKnownFileType = sourcecode.swift; path = SyncViewModel.swift; sourceTree = "<group>"; };
		C7F8C1AC2B3333A800FABF84 /* SyncViewModel.swift */ = {isa = PBXFileReference; lastKnownFileType = sourcecode.swift; path = SyncViewModel.swift; sourceTree = "<group>"; };
/* End PBXFileReference section */

/* Begin PBXFrameworksBuildPhase section */
		C70462562ADFCF6F009F5DD4 /* Frameworks */ = {
			isa = PBXFrameworksBuildPhase;
			buildActionMask = 2147483647;
			files = (
			);
			runOnlyForDeploymentPostprocessing = 0;
		};
		C70462652ADFCF70009F5DD4 /* Frameworks */ = {
			isa = PBXFrameworksBuildPhase;
			buildActionMask = 2147483647;
			files = (
			);
			runOnlyForDeploymentPostprocessing = 0;
		};
		C704626F2ADFCF70009F5DD4 /* Frameworks */ = {
			isa = PBXFrameworksBuildPhase;
			buildActionMask = 2147483647;
			files = (
			);
			runOnlyForDeploymentPostprocessing = 0;
		};
		C7327B7C2ADD5D8200F16E63 /* Frameworks */ = {
			isa = PBXFrameworksBuildPhase;
			buildActionMask = 2147483647;
			files = (
			);
			runOnlyForDeploymentPostprocessing = 0;
		};
		C7327B8E2ADD5D8300F16E63 /* Frameworks */ = {
			isa = PBXFrameworksBuildPhase;
			buildActionMask = 2147483647;
			files = (
			);
			runOnlyForDeploymentPostprocessing = 0;
		};
		C7327B982ADD5D8300F16E63 /* Frameworks */ = {
			isa = PBXFrameworksBuildPhase;
			buildActionMask = 2147483647;
			files = (
			);
			runOnlyForDeploymentPostprocessing = 0;
		};
/* End PBXFrameworksBuildPhase section */

/* Begin PBXGroup section */
		C704625A2ADFCF6F009F5DD4 /* App */ = {
			isa = PBXGroup;
			children = (
				C7F8C1AB2B33339100FABF84 /* ViewModel */,
				C7778DD02B10B17200E5D9ED /* Manager */,
				C73A2C3D2AF296FE009C046B /* View */,
				C704625B2ADFCF6F009F5DD4 /* App.swift */,
				C704625F2ADFCF70009F5DD4 /* Assets.xcassets */,
				C70462612ADFCF70009F5DD4 /* Preview Content */,
			);
			path = App;
			sourceTree = "<group>";
		};
		C70462612ADFCF70009F5DD4 /* Preview Content */ = {
			isa = PBXGroup;
			children = (
				C70462622ADFCF70009F5DD4 /* Preview Assets.xcassets */,
			);
			path = "Preview Content";
			sourceTree = "<group>";
		};
		C704626B2ADFCF70009F5DD4 /* Tests */ = {
			isa = PBXGroup;
			children = (
				C704626C2ADFCF70009F5DD4 /* vt1_Watch_AppTests.swift */,
				C7CF341A2B34D6C9006EE207 /* SessionManagerTest.swift */,
				C7CF34262B34D803006EE207 /* RecordingManagerTest.swift */,
				C7CF34282B34D82E006EE207 /* ConnectivityManagerWatchOSTest.swift */,
			);
			path = Tests;
			sourceTree = "<group>";
		};
		C70462752ADFCF70009F5DD4 /* UITests */ = {
			isa = PBXGroup;
			children = (
				C70462762ADFCF70009F5DD4 /* vt1_watchos_Watch_AppUITests.swift */,
				C70462782ADFCF70009F5DD4 /* vt1_watchos_Watch_AppUITestsLaunchTests.swift */,
			);
			path = UITests;
			sourceTree = "<group>";
		};
		C704628B2ADFD35E009F5DD4 /* iOS */ = {
			isa = PBXGroup;
			children = (
				C7327B812ADD5D8200F16E63 /* App */,
				C7327B942ADD5D8300F16E63 /* Tests */,
				C7327B9E2ADD5D8300F16E63 /* UITests */,
			);
			path = iOS;
			sourceTree = "<group>";
		};
		C704628C2ADFD370009F5DD4 /* watchOS */ = {
			isa = PBXGroup;
			children = (
				C704625A2ADFCF6F009F5DD4 /* App */,
				C704626B2ADFCF70009F5DD4 /* Tests */,
				C70462752ADFCF70009F5DD4 /* UITests */,
			);
			path = watchOS;
			sourceTree = "<group>";
		};
		C704628D2ADFD3F3009F5DD4 /* Shared */ = {
			isa = PBXGroup;
			children = (
				C7CF341C2B34D75A006EE207 /* Tests */,
				C72BDCD92AF908C800A3A563 /* Util */,
				C73A2C3B2AF296EC009C046B /* Model */,
			);
			path = Shared;
			sourceTree = "<group>";
		};
		C72BDCD72AF8F74800A3A563 /* View */ = {
			isa = PBXGroup;
			children = (
				C778EF942AEC44BD0086F894 /* StartRecordingView.swift */,
				C778EF962AEC45CB0086F894 /* RecordingListView.swift */,
				C72BDCDD2AF9275400A3A563 /* RecordingDetailView.swift */,
				C7327B842ADD5D8200F16E63 /* ContentView.swift */,
				C7713C1A2B0B71DB001C7768 /* SyncView.swift */,
			);
			path = View;
			sourceTree = "<group>";
		};
		C72BDCD82AF8F74E00A3A563 /* ViewModel */ = {
			isa = PBXGroup;
			children = (
				C70462212ADEDB67009F5DD4 /* NetworkViewModel.swift */,
				C74B13502B0137AF008302F3 /* RecordingListViewModel.swift */,
				C7F8C1A62B332BBA00FABF84 /* SyncViewModel.swift */,
				C768E5C02BCD696E0051E567 /* StartRecordingViewModel.swift */,
			);
			path = ViewModel;
			sourceTree = "<group>";
		};
		C72BDCD92AF908C800A3A563 /* Util */ = {
			isa = PBXGroup;
			children = (
				C73A2C412AF7AA54009C046B /* ConnectivityManager.swift */,
				C72BDCDA2AF908DE00A3A563 /* DataSource.swift */,
				C7778DC32B0CFB1A00E5D9ED /* WorkoutManager.swift */,
				C75583802B54471500451621 /* TimeInterval.swift */,
				C7DF9C782B9CD31D0096FD89 /* Logger.swift */,
				C71BA4592BC43ABF007430D2 /* TimerManager.swift */,
				C768E5CF2BD950800051E567 /* CompressionManager.swift */,
				C74A61B52C03563400D4596A /* Array.swift */,
			);
			path = Util;
			sourceTree = "<group>";
		};
		C7327B762ADD5D8200F16E63 = {
			isa = PBXGroup;
			children = (
				C729084F2BA5BA6C00ED7183 /* vt1-Mobile-App-Info.plist */,
				C729084E2BA5BA5E00ED7183 /* vt1-Watch-App-Info.plist */,
				C7778DCC2B0D222300E5D9ED /* vt1 Mobile App.entitlements */,
				C7CA489E2B07D09D00023112 /* vt1 Watch App.entitlements */,
				C704628D2ADFD3F3009F5DD4 /* Shared */,
				C704628C2ADFD370009F5DD4 /* watchOS */,
				C704628B2ADFD35E009F5DD4 /* iOS */,
				C7327B802ADD5D8200F16E63 /* Products */,
			);
			sourceTree = "<group>";
		};
		C7327B802ADD5D8200F16E63 /* Products */ = {
			isa = PBXGroup;
			children = (
				C7327B7F2ADD5D8200F16E63 /* vt1 Mobile App.app */,
				C7327B912ADD5D8300F16E63 /* vt1 Mobile App Tests.xctest */,
				C7327B9B2ADD5D8300F16E63 /* vt1 Mobile AppUITests.xctest */,
				C70462592ADFCF6F009F5DD4 /* vt1 Watch App.app */,
				C70462682ADFCF70009F5DD4 /* vt1 Watch AppTests.xctest */,
				C70462722ADFCF70009F5DD4 /* vtt1 Watch AppUITests.xctest */,
			);
			name = Products;
			sourceTree = "<group>";
		};
		C7327B812ADD5D8200F16E63 /* App */ = {
			isa = PBXGroup;
			children = (
				C768E5C22BD000320051E567 /* Model */,
				C7778DD12B10B18E00E5D9ED /* Manager */,
				C72BDCD82AF8F74E00A3A563 /* ViewModel */,
				C72BDCD72AF8F74800A3A563 /* View */,
				C7327B822ADD5D8200F16E63 /* App.swift */,
				C7327B882ADD5D8300F16E63 /* Assets.xcassets */,
				C7327B8A2ADD5D8300F16E63 /* Preview Content */,
			);
			path = App;
			sourceTree = "<group>";
		};
		C7327B8A2ADD5D8300F16E63 /* Preview Content */ = {
			isa = PBXGroup;
			children = (
				C7327B8B2ADD5D8300F16E63 /* Preview Assets.xcassets */,
			);
			path = "Preview Content";
			sourceTree = "<group>";
		};
		C7327B942ADD5D8300F16E63 /* Tests */ = {
			isa = PBXGroup;
			children = (
				C7327B952ADD5D8300F16E63 /* vt1_ios_Mobile_AppTests.swift */,
			);
			path = Tests;
			sourceTree = "<group>";
		};
		C7327B9E2ADD5D8300F16E63 /* UITests */ = {
			isa = PBXGroup;
			children = (
				C7327B9F2ADD5D8300F16E63 /* vt1_ios_Mobile_App1UITests.swift */,
				C7327BA12ADD5D8300F16E63 /* vt1UITestsLaunchTests.swift */,
			);
			path = UITests;
			sourceTree = "<group>";
		};
		C73A2C3B2AF296EC009C046B /* Model */ = {
			isa = PBXGroup;
			children = (
				C704628F2AE5899E009F5DD4 /* SensorData.swift */,
				C778EF922AE95A120086F894 /* RecordingData.swift */,
				C7DF9C752B9C6B350096FD89 /* LogStore.swift */,
			);
			path = Model;
			sourceTree = "<group>";
		};
		C73A2C3D2AF296FE009C046B /* View */ = {
			isa = PBXGroup;
			children = (
				C704625D2ADFCF6F009F5DD4 /* ContentView.swift */,
				C7C8A2C82AE948F500D7CFBF /* MotionView.swift */,
				C778EF902AE954D90086F894 /* RecordingListView.swift */,
				C72BDCE22AFD409D00A3A563 /* SyncView.swift */,
			);
			path = View;
			sourceTree = "<group>";
		};
		C768E5C22BD000320051E567 /* Model */ = {
			isa = PBXGroup;
			children = (
				C768E5C32BD000580051E567 /* SyncData.swift */,
				C768E5CC2BD947EF0051E567 /* CompressedData.swift */,
			);
			path = Model;
			sourceTree = "<group>";
		};
		C7778DD02B10B17200E5D9ED /* Manager */ = {
			isa = PBXGroup;
			children = (
				C7C44CEC2B10FC6100789EAA /* SessionManager.swift */,
				C7778DCD2B10A9FF00E5D9ED /* RecordingManager.swift */,
				C7778DC82B0D008600E5D9ED /* WorkoutManagerWatchOS.swift */,
				C7C44CEF2B136B5700789EAA /* ConnectivityManagerWatchOS.swift */,
				C768E5C72BD00C2A0051E567 /* DataSourceWatchOS.swift */,
			);
			path = Manager;
			sourceTree = "<group>";
		};
		C7778DD12B10B18E00E5D9ED /* Manager */ = {
			isa = PBXGroup;
			children = (
				C755927C2B17918F00972671 /* SessionManager.swift */,
				C7778DC62B0D007900E5D9ED /* WorkoutManagerIOS.swift */,
				C7C44CF12B136BA200789EAA /* ConnectivityManagerIOS.swift */,
				C768E5C52BD001260051E567 /* DataSourceIOS.swift */,
			);
			path = Manager;
			sourceTree = "<group>";
		};
		C7CF341C2B34D75A006EE207 /* Tests */ = {
			isa = PBXGroup;
			children = (
				C7CF341D2B34D78A006EE207 /* ConnectivityManagerTest.swift */,
				C7CF34202B34D7CE006EE207 /* DataSourceTest.swift */,
				C7CF34232B34D7DC006EE207 /* WorkoutManagerTest.swift */,
			);
			path = Tests;
			sourceTree = "<group>";
		};
		C7F8C1AB2B33339100FABF84 /* ViewModel */ = {
			isa = PBXGroup;
			children = (
				C7F8C1AC2B3333A800FABF84 /* SyncViewModel.swift */,
			);
			path = ViewModel;
			sourceTree = "<group>";
		};
/* End PBXGroup section */

/* Begin PBXNativeTarget section */
		C70462582ADFCF6F009F5DD4 /* vt1 Watch App */ = {
			isa = PBXNativeTarget;
			buildConfigurationList = C70462842ADFCF70009F5DD4 /* Build configuration list for PBXNativeTarget "vt1 Watch App" */;
			buildPhases = (
				C70462552ADFCF6F009F5DD4 /* Sources */,
				C70462562ADFCF6F009F5DD4 /* Frameworks */,
				C70462572ADFCF6F009F5DD4 /* Resources */,
			);
			buildRules = (
			);
			dependencies = (
			);
			name = "vt1 Watch App";
			productName = "vt1_watchos Watch App";
			productReference = C70462592ADFCF6F009F5DD4 /* vt1 Watch App.app */;
			productType = "com.apple.product-type.application";
		};
		C70462672ADFCF70009F5DD4 /* vt1 Watch AppTests */ = {
			isa = PBXNativeTarget;
			buildConfigurationList = C70462852ADFCF70009F5DD4 /* Build configuration list for PBXNativeTarget "vt1 Watch AppTests" */;
			buildPhases = (
				C70462642ADFCF70009F5DD4 /* Sources */,
				C70462652ADFCF70009F5DD4 /* Frameworks */,
				C70462662ADFCF70009F5DD4 /* Resources */,
			);
			buildRules = (
			);
			dependencies = (
				C704626A2ADFCF70009F5DD4 /* PBXTargetDependency */,
			);
			name = "vt1 Watch AppTests";
			productName = "vt1_watchos Watch AppTests";
			productReference = C70462682ADFCF70009F5DD4 /* vt1 Watch AppTests.xctest */;
			productType = "com.apple.product-type.bundle.unit-test";
		};
		C70462712ADFCF70009F5DD4 /* vtt1 Watch AppUITests */ = {
			isa = PBXNativeTarget;
			buildConfigurationList = C70462862ADFCF70009F5DD4 /* Build configuration list for PBXNativeTarget "vtt1 Watch AppUITests" */;
			buildPhases = (
				C704626E2ADFCF70009F5DD4 /* Sources */,
				C704626F2ADFCF70009F5DD4 /* Frameworks */,
				C70462702ADFCF70009F5DD4 /* Resources */,
			);
			buildRules = (
			);
			dependencies = (
				C70462742ADFCF70009F5DD4 /* PBXTargetDependency */,
			);
			name = "vtt1 Watch AppUITests";
			productName = "vt1_watchos Watch AppUITests";
			productReference = C70462722ADFCF70009F5DD4 /* vtt1 Watch AppUITests.xctest */;
			productType = "com.apple.product-type.bundle.ui-testing";
		};
		C7327B7E2ADD5D8200F16E63 /* vt1 Mobile App */ = {
			isa = PBXNativeTarget;
			buildConfigurationList = C7327BA52ADD5D8300F16E63 /* Build configuration list for PBXNativeTarget "vt1 Mobile App" */;
			buildPhases = (
				C7327B7B2ADD5D8200F16E63 /* Sources */,
				C7327B7C2ADD5D8200F16E63 /* Frameworks */,
				C7327B7D2ADD5D8200F16E63 /* Resources */,
				C704627D2ADFCF70009F5DD4 /* Embed Watch Content */,
			);
			buildRules = (
			);
			dependencies = (
				C704627B2ADFCF70009F5DD4 /* PBXTargetDependency */,
			);
			name = "vt1 Mobile App";
			productName = vt1;
			productReference = C7327B7F2ADD5D8200F16E63 /* vt1 Mobile App.app */;
			productType = "com.apple.product-type.application";
		};
		C7327B902ADD5D8300F16E63 /* vt1 Mobile App Tests */ = {
			isa = PBXNativeTarget;
			buildConfigurationList = C7327BA82ADD5D8300F16E63 /* Build configuration list for PBXNativeTarget "vt1 Mobile App Tests" */;
			buildPhases = (
				C7327B8D2ADD5D8300F16E63 /* Sources */,
				C7327B8E2ADD5D8300F16E63 /* Frameworks */,
				C7327B8F2ADD5D8300F16E63 /* Resources */,
			);
			buildRules = (
			);
			dependencies = (
				C7327B932ADD5D8300F16E63 /* PBXTargetDependency */,
			);
			name = "vt1 Mobile App Tests";
			productName = vt1Tests;
			productReference = C7327B912ADD5D8300F16E63 /* vt1 Mobile App Tests.xctest */;
			productType = "com.apple.product-type.bundle.unit-test";
		};
		C7327B9A2ADD5D8300F16E63 /* vt1 Mobile AppUITests */ = {
			isa = PBXNativeTarget;
			buildConfigurationList = C7327BAB2ADD5D8300F16E63 /* Build configuration list for PBXNativeTarget "vt1 Mobile AppUITests" */;
			buildPhases = (
				C7327B972ADD5D8300F16E63 /* Sources */,
				C7327B982ADD5D8300F16E63 /* Frameworks */,
				C7327B992ADD5D8300F16E63 /* Resources */,
			);
			buildRules = (
			);
			dependencies = (
				C7327B9D2ADD5D8300F16E63 /* PBXTargetDependency */,
			);
			name = "vt1 Mobile AppUITests";
			productName = vt1UITests;
			productReference = C7327B9B2ADD5D8300F16E63 /* vt1 Mobile AppUITests.xctest */;
			productType = "com.apple.product-type.bundle.ui-testing";
		};
/* End PBXNativeTarget section */

/* Begin PBXProject section */
		C7327B772ADD5D8200F16E63 /* Project object */ = {
			isa = PBXProject;
			attributes = {
				BuildIndependentTargetsInParallel = 1;
				LastSwiftUpdateCheck = 1500;
				LastUpgradeCheck = 1500;
				TargetAttributes = {
					C70462582ADFCF6F009F5DD4 = {
						CreatedOnToolsVersion = 15.0;
					};
					C70462672ADFCF70009F5DD4 = {
						CreatedOnToolsVersion = 15.0;
						TestTargetID = C70462582ADFCF6F009F5DD4;
					};
					C70462712ADFCF70009F5DD4 = {
						CreatedOnToolsVersion = 15.0;
						TestTargetID = C70462582ADFCF6F009F5DD4;
					};
					C7327B7E2ADD5D8200F16E63 = {
						CreatedOnToolsVersion = 15.0;
					};
					C7327B902ADD5D8300F16E63 = {
						CreatedOnToolsVersion = 15.0;
						TestTargetID = C7327B7E2ADD5D8200F16E63;
					};
					C7327B9A2ADD5D8300F16E63 = {
						CreatedOnToolsVersion = 15.0;
						TestTargetID = C7327B7E2ADD5D8200F16E63;
					};
				};
			};
			buildConfigurationList = C7327B7A2ADD5D8200F16E63 /* Build configuration list for PBXProject "vt1" */;
			compatibilityVersion = "Xcode 14.0";
			developmentRegion = en;
			hasScannedForEncodings = 0;
			knownRegions = (
				en,
				Base,
			);
			mainGroup = C7327B762ADD5D8200F16E63;
			productRefGroup = C7327B802ADD5D8200F16E63 /* Products */;
			projectDirPath = "";
			projectRoot = "";
			targets = (
				C7327B7E2ADD5D8200F16E63 /* vt1 Mobile App */,
				C7327B902ADD5D8300F16E63 /* vt1 Mobile App Tests */,
				C7327B9A2ADD5D8300F16E63 /* vt1 Mobile AppUITests */,
				C70462582ADFCF6F009F5DD4 /* vt1 Watch App */,
				C70462672ADFCF70009F5DD4 /* vt1 Watch AppTests */,
				C70462712ADFCF70009F5DD4 /* vtt1 Watch AppUITests */,
			);
		};
/* End PBXProject section */

/* Begin PBXResourcesBuildPhase section */
		C70462572ADFCF6F009F5DD4 /* Resources */ = {
			isa = PBXResourcesBuildPhase;
			buildActionMask = 2147483647;
			files = (
				C70462632ADFCF70009F5DD4 /* Preview Assets.xcassets in Resources */,
				C70462602ADFCF70009F5DD4 /* Assets.xcassets in Resources */,
			);
			runOnlyForDeploymentPostprocessing = 0;
		};
		C70462662ADFCF70009F5DD4 /* Resources */ = {
			isa = PBXResourcesBuildPhase;
			buildActionMask = 2147483647;
			files = (
			);
			runOnlyForDeploymentPostprocessing = 0;
		};
		C70462702ADFCF70009F5DD4 /* Resources */ = {
			isa = PBXResourcesBuildPhase;
			buildActionMask = 2147483647;
			files = (
			);
			runOnlyForDeploymentPostprocessing = 0;
		};
		C7327B7D2ADD5D8200F16E63 /* Resources */ = {
			isa = PBXResourcesBuildPhase;
			buildActionMask = 2147483647;
			files = (
				C7327B8C2ADD5D8300F16E63 /* Preview Assets.xcassets in Resources */,
				C7327B892ADD5D8300F16E63 /* Assets.xcassets in Resources */,
			);
			runOnlyForDeploymentPostprocessing = 0;
		};
		C7327B8F2ADD5D8300F16E63 /* Resources */ = {
			isa = PBXResourcesBuildPhase;
			buildActionMask = 2147483647;
			files = (
			);
			runOnlyForDeploymentPostprocessing = 0;
		};
		C7327B992ADD5D8300F16E63 /* Resources */ = {
			isa = PBXResourcesBuildPhase;
			buildActionMask = 2147483647;
			files = (
			);
			runOnlyForDeploymentPostprocessing = 0;
		};
/* End PBXResourcesBuildPhase section */

/* Begin PBXSourcesBuildPhase section */
		C70462552ADFCF6F009F5DD4 /* Sources */ = {
			isa = PBXSourcesBuildPhase;
			buildActionMask = 2147483647;
			files = (
				C7DF9C7A2B9CD31D0096FD89 /* Logger.swift in Sources */,
				C7C44CF02B136B5700789EAA /* ConnectivityManagerWatchOS.swift in Sources */,
				C72BDCE32AFD409D00A3A563 /* SyncView.swift in Sources */,
				C7778DCF2B10A9FF00E5D9ED /* RecordingManager.swift in Sources */,
				C75583822B54471500451621 /* TimeInterval.swift in Sources */,
				C7C8A2C92AE948F500D7CFBF /* MotionView.swift in Sources */,
				C704625E2ADFCF6F009F5DD4 /* ContentView.swift in Sources */,
				C73A2C432AF7AA54009C046B /* ConnectivityManager.swift in Sources */,
				C7778DC52B0CFB1A00E5D9ED /* WorkoutManager.swift in Sources */,
				C7F8C1AD2B3333A800FABF84 /* SyncViewModel.swift in Sources */,
				C768E5C82BD00C2A0051E567 /* DataSourceWatchOS.swift in Sources */,
				C768E5D12BD950800051E567 /* CompressionManager.swift in Sources */,
				C7778DC92B0D008600E5D9ED /* WorkoutManagerWatchOS.swift in Sources */,
				C72BDCDC2AF908DE00A3A563 /* DataSource.swift in Sources */,
				C778EF912AE954D90086F894 /* RecordingListView.swift in Sources */,
				C7DF9C772B9C6B350096FD89 /* LogStore.swift in Sources */,
				C778EF932AE95A120086F894 /* RecordingData.swift in Sources */,
				C74A61B72C03563400D4596A /* Array.swift in Sources */,
				C704625C2ADFCF6F009F5DD4 /* App.swift in Sources */,
				C70462902AE5899E009F5DD4 /* SensorData.swift in Sources */,
				C7C44CEE2B10FC6100789EAA /* SessionManager.swift in Sources */,
				C71BA45B2BC43ABF007430D2 /* TimerManager.swift in Sources */,
			);
			runOnlyForDeploymentPostprocessing = 0;
		};
		C70462642ADFCF70009F5DD4 /* Sources */ = {
			isa = PBXSourcesBuildPhase;
			buildActionMask = 2147483647;
			files = (
				C7CF34252B34D7DC006EE207 /* WorkoutManagerTest.swift in Sources */,
				C7CF34272B34D803006EE207 /* RecordingManagerTest.swift in Sources */,
				C7CF341B2B34D6C9006EE207 /* SessionManagerTest.swift in Sources */,
				C7CF341F2B34D78A006EE207 /* ConnectivityManagerTest.swift in Sources */,
				C7CF34222B34D7CE006EE207 /* DataSourceTest.swift in Sources */,
				C7CF34292B34D82E006EE207 /* ConnectivityManagerWatchOSTest.swift in Sources */,
				C704626D2ADFCF70009F5DD4 /* vt1_Watch_AppTests.swift in Sources */,
			);
			runOnlyForDeploymentPostprocessing = 0;
		};
		C704626E2ADFCF70009F5DD4 /* Sources */ = {
			isa = PBXSourcesBuildPhase;
			buildActionMask = 2147483647;
			files = (
				C70462792ADFCF70009F5DD4 /* vt1_watchos_Watch_AppUITestsLaunchTests.swift in Sources */,
				C70462772ADFCF70009F5DD4 /* vt1_watchos_Watch_AppUITests.swift in Sources */,
			);
			runOnlyForDeploymentPostprocessing = 0;
		};
		C7327B7B2ADD5D8200F16E63 /* Sources */ = {
			isa = PBXSourcesBuildPhase;
			buildActionMask = 2147483647;
			files = (
				C7713C1B2B0B71DB001C7768 /* SyncView.swift in Sources */,
				C75583812B54471500451621 /* TimeInterval.swift in Sources */,
				C73A2C442AF7DB5A009C046B /* SensorData.swift in Sources */,
				C755927D2B17918F00972671 /* SessionManager.swift in Sources */,
				C768E5D02BD950800051E567 /* CompressionManager.swift in Sources */,
				C7778DC42B0CFB1A00E5D9ED /* WorkoutManager.swift in Sources */,
				C73A2C422AF7AA54009C046B /* ConnectivityManager.swift in Sources */,
				C7C44CF22B136BA200789EAA /* ConnectivityManagerIOS.swift in Sources */,
				C768E5C42BD000580051E567 /* SyncData.swift in Sources */,
				C768E5C12BCD696E0051E567 /* StartRecordingViewModel.swift in Sources */,
				C7DF9C762B9C6B350096FD89 /* LogStore.swift in Sources */,
				C768E5CD2BD947EF0051E567 /* CompressedData.swift in Sources */,
				C7778DC72B0D007900E5D9ED /* WorkoutManagerIOS.swift in Sources */,
				C778EF982AEC4E6F0086F894 /* RecordingListView.swift in Sources */,
				C768E5C62BD001260051E567 /* DataSourceIOS.swift in Sources */,
				C72BDCDB2AF908DE00A3A563 /* DataSource.swift in Sources */,
				C778EF992AEC4E6F0086F894 /* StartRecordingView.swift in Sources */,
				C71BA45A2BC43ABF007430D2 /* TimerManager.swift in Sources */,
				C72BDCDE2AF9275400A3A563 /* RecordingDetailView.swift in Sources */,
				C74B13512B0137AF008302F3 /* RecordingListViewModel.swift in Sources */,
				C7327B852ADD5D8200F16E63 /* ContentView.swift in Sources */,
				C7DF9C792B9CD31D0096FD89 /* Logger.swift in Sources */,
				C73A2C452AF7DB5D009C046B /* RecordingData.swift in Sources */,
				C7327B832ADD5D8200F16E63 /* App.swift in Sources */,
				C768E5D52BDCFBFB0051E567 /* CompressedDataListViewModel.swift in Sources */,
				C7F8C1A72B332BBA00FABF84 /* SyncViewModel.swift in Sources */,
				C74A61B62C03563400D4596A /* Array.swift in Sources */,
				C70462222ADEDB67009F5DD4 /* NetworkViewModel.swift in Sources */,
			);
			runOnlyForDeploymentPostprocessing = 0;
		};
		C7327B8D2ADD5D8300F16E63 /* Sources */ = {
			isa = PBXSourcesBuildPhase;
			buildActionMask = 2147483647;
			files = (
				C7CF34212B34D7CE006EE207 /* DataSourceTest.swift in Sources */,
				C7CF34242B34D7DC006EE207 /* WorkoutManagerTest.swift in Sources */,
				C7CF341E2B34D78A006EE207 /* ConnectivityManagerTest.swift in Sources */,
				C7327B962ADD5D8300F16E63 /* vt1_ios_Mobile_AppTests.swift in Sources */,
			);
			runOnlyForDeploymentPostprocessing = 0;
		};
		C7327B972ADD5D8300F16E63 /* Sources */ = {
			isa = PBXSourcesBuildPhase;
			buildActionMask = 2147483647;
			files = (
				C7327BA22ADD5D8300F16E63 /* vt1UITestsLaunchTests.swift in Sources */,
				C7327BA02ADD5D8300F16E63 /* vt1_ios_Mobile_App1UITests.swift in Sources */,
			);
			runOnlyForDeploymentPostprocessing = 0;
		};
/* End PBXSourcesBuildPhase section */

/* Begin PBXTargetDependency section */
		C704626A2ADFCF70009F5DD4 /* PBXTargetDependency */ = {
			isa = PBXTargetDependency;
			target = C70462582ADFCF6F009F5DD4 /* vt1 Watch App */;
			targetProxy = C70462692ADFCF70009F5DD4 /* PBXContainerItemProxy */;
		};
		C70462742ADFCF70009F5DD4 /* PBXTargetDependency */ = {
			isa = PBXTargetDependency;
			target = C70462582ADFCF6F009F5DD4 /* vt1 Watch App */;
			targetProxy = C70462732ADFCF70009F5DD4 /* PBXContainerItemProxy */;
		};
		C704627B2ADFCF70009F5DD4 /* PBXTargetDependency */ = {
			isa = PBXTargetDependency;
			target = C70462582ADFCF6F009F5DD4 /* vt1 Watch App */;
			targetProxy = C704627A2ADFCF70009F5DD4 /* PBXContainerItemProxy */;
		};
		C7327B932ADD5D8300F16E63 /* PBXTargetDependency */ = {
			isa = PBXTargetDependency;
			target = C7327B7E2ADD5D8200F16E63 /* vt1 Mobile App */;
			targetProxy = C7327B922ADD5D8300F16E63 /* PBXContainerItemProxy */;
		};
		C7327B9D2ADD5D8300F16E63 /* PBXTargetDependency */ = {
			isa = PBXTargetDependency;
			target = C7327B7E2ADD5D8200F16E63 /* vt1 Mobile App */;
			targetProxy = C7327B9C2ADD5D8300F16E63 /* PBXContainerItemProxy */;
		};
/* End PBXTargetDependency section */

/* Begin XCBuildConfiguration section */
		C704627E2ADFCF70009F5DD4 /* Debug */ = {
			isa = XCBuildConfiguration;
			buildSettings = {
				ASSETCATALOG_COMPILER_APPICON_NAME = AppIcon;
				ASSETCATALOG_COMPILER_GLOBAL_ACCENT_COLOR_NAME = AccentColor;
				CODE_SIGN_ENTITLEMENTS = "vt1 Watch App.entitlements";
				CODE_SIGN_STYLE = Automatic;
				CURRENT_PROJECT_VERSION = 1;
				DEVELOPMENT_ASSET_PATHS = "\"watchOS/App/Preview Content\"";
				DEVELOPMENT_TEAM = T73ZGJ9UTG;
				ENABLE_PREVIEWS = YES;
				GENERATE_INFOPLIST_FILE = YES;
				INFOPLIST_FILE = "vt1-Watch-App-Info.plist";
				INFOPLIST_KEY_CFBundleDisplayName = vt1_watchos;
				INFOPLIST_KEY_NSHealthShareUsageDescription = "Reads health data for accurate motion analysis";
				INFOPLIST_KEY_NSHealthUpdateUsageDescription = "Writes workout into Apple Health";
				INFOPLIST_KEY_NSMotionUsageDescription = "Getting data from acceleroemeter";
				INFOPLIST_KEY_UISupportedInterfaceOrientations = "UIInterfaceOrientationPortrait UIInterfaceOrientationPortraitUpsideDown";
				INFOPLIST_KEY_WKCompanionAppBundleIdentifier = com.julianvisser.vt1;
				LD_RUNPATH_SEARCH_PATHS = (
					"$(inherited)",
					"@executable_path/Frameworks",
				);
				MARKETING_VERSION = 1.0;
				PRODUCT_BUNDLE_IDENTIFIER = "com.julianvisser.vt1.watchos-App";
				PRODUCT_NAME = "$(TARGET_NAME)";
				SDKROOT = watchos;
				SKIP_INSTALL = YES;
				SWIFT_EMIT_LOC_STRINGS = YES;
				SWIFT_STRICT_CONCURRENCY = targeted;
				SWIFT_VERSION = 5.0;
				TARGETED_DEVICE_FAMILY = 4;
				WATCHOS_DEPLOYMENT_TARGET = 10.0;
			};
			name = Debug;
		};
		C704627F2ADFCF70009F5DD4 /* Release */ = {
			isa = XCBuildConfiguration;
			buildSettings = {
				ASSETCATALOG_COMPILER_APPICON_NAME = AppIcon;
				ASSETCATALOG_COMPILER_GLOBAL_ACCENT_COLOR_NAME = AccentColor;
				CODE_SIGN_ENTITLEMENTS = "vt1 Watch App.entitlements";
				CODE_SIGN_STYLE = Automatic;
				CURRENT_PROJECT_VERSION = 1;
				DEVELOPMENT_ASSET_PATHS = "\"watchOS/App/Preview Content\"";
				DEVELOPMENT_TEAM = T73ZGJ9UTG;
				ENABLE_PREVIEWS = YES;
				GENERATE_INFOPLIST_FILE = YES;
				INFOPLIST_FILE = "vt1-Watch-App-Info.plist";
				INFOPLIST_KEY_CFBundleDisplayName = vt1_watchos;
				INFOPLIST_KEY_NSHealthShareUsageDescription = "Reads health data for accurate motion analysis";
				INFOPLIST_KEY_NSHealthUpdateUsageDescription = "Writes workout into Apple Health";
				INFOPLIST_KEY_NSMotionUsageDescription = "Getting data from acceleroemeter";
				INFOPLIST_KEY_UISupportedInterfaceOrientations = "UIInterfaceOrientationPortrait UIInterfaceOrientationPortraitUpsideDown";
				INFOPLIST_KEY_WKCompanionAppBundleIdentifier = com.julianvisser.vt1;
				LD_RUNPATH_SEARCH_PATHS = (
					"$(inherited)",
					"@executable_path/Frameworks",
				);
				MARKETING_VERSION = 1.0;
				PRODUCT_BUNDLE_IDENTIFIER = "com.julianvisser.vt1.watchos-App";
				PRODUCT_NAME = "$(TARGET_NAME)";
				SDKROOT = watchos;
				SKIP_INSTALL = YES;
				SWIFT_EMIT_LOC_STRINGS = YES;
				SWIFT_STRICT_CONCURRENCY = targeted;
				SWIFT_VERSION = 5.0;
				TARGETED_DEVICE_FAMILY = 4;
				WATCHOS_DEPLOYMENT_TARGET = 10.0;
			};
			name = Release;
		};
		C70462802ADFCF70009F5DD4 /* Debug */ = {
			isa = XCBuildConfiguration;
			buildSettings = {
				ALWAYS_EMBED_SWIFT_STANDARD_LIBRARIES = YES;
				BUNDLE_LOADER = "$(TEST_HOST)";
				CODE_SIGN_STYLE = Automatic;
				CURRENT_PROJECT_VERSION = 1;
				DEVELOPMENT_TEAM = T73ZGJ9UTG;
				GENERATE_INFOPLIST_FILE = YES;
				MARKETING_VERSION = 1.0;
				PRODUCT_BUNDLE_IDENTIFIER = "com.julianvisser.vt1-watchos-Watch-AppTests";
				PRODUCT_NAME = "$(TARGET_NAME)";
				SDKROOT = watchos;
				SWIFT_EMIT_LOC_STRINGS = NO;
				SWIFT_VERSION = 5.0;
				TARGETED_DEVICE_FAMILY = 4;
				TEST_HOST = "$(BUILT_PRODUCTS_DIR)/vt1 Watch App.app/$(BUNDLE_EXECUTABLE_FOLDER_PATH)/vt1 Watch App";
				WATCHOS_DEPLOYMENT_TARGET = 10.0;
			};
			name = Debug;
		};
		C70462812ADFCF70009F5DD4 /* Release */ = {
			isa = XCBuildConfiguration;
			buildSettings = {
				ALWAYS_EMBED_SWIFT_STANDARD_LIBRARIES = YES;
				BUNDLE_LOADER = "$(TEST_HOST)";
				CODE_SIGN_STYLE = Automatic;
				CURRENT_PROJECT_VERSION = 1;
				DEVELOPMENT_TEAM = T73ZGJ9UTG;
				GENERATE_INFOPLIST_FILE = YES;
				MARKETING_VERSION = 1.0;
				PRODUCT_BUNDLE_IDENTIFIER = "com.julianvisser.vt1-watchos-Watch-AppTests";
				PRODUCT_NAME = "$(TARGET_NAME)";
				SDKROOT = watchos;
				SWIFT_EMIT_LOC_STRINGS = NO;
				SWIFT_VERSION = 5.0;
				TARGETED_DEVICE_FAMILY = 4;
				TEST_HOST = "$(BUILT_PRODUCTS_DIR)/vt1 Watch App.app/$(BUNDLE_EXECUTABLE_FOLDER_PATH)/vt1 Watch App";
				WATCHOS_DEPLOYMENT_TARGET = 10.0;
			};
			name = Release;
		};
		C70462822ADFCF70009F5DD4 /* Debug */ = {
			isa = XCBuildConfiguration;
			buildSettings = {
				ALWAYS_EMBED_SWIFT_STANDARD_LIBRARIES = YES;
				CODE_SIGN_STYLE = Automatic;
				CURRENT_PROJECT_VERSION = 1;
				DEVELOPMENT_TEAM = T73ZGJ9UTG;
				GENERATE_INFOPLIST_FILE = YES;
				MARKETING_VERSION = 1.0;
				PRODUCT_BUNDLE_IDENTIFIER = "com.julianvisser.vt1-watchos-Watch-AppUITests";
				PRODUCT_NAME = "$(TARGET_NAME)";
				SDKROOT = watchos;
				SWIFT_EMIT_LOC_STRINGS = NO;
				SWIFT_VERSION = 5.0;
				TARGETED_DEVICE_FAMILY = 4;
				TEST_TARGET_NAME = "vt1_watchos Watch App";
				WATCHOS_DEPLOYMENT_TARGET = 10.0;
			};
			name = Debug;
		};
		C70462832ADFCF70009F5DD4 /* Release */ = {
			isa = XCBuildConfiguration;
			buildSettings = {
				ALWAYS_EMBED_SWIFT_STANDARD_LIBRARIES = YES;
				CODE_SIGN_STYLE = Automatic;
				CURRENT_PROJECT_VERSION = 1;
				DEVELOPMENT_TEAM = T73ZGJ9UTG;
				GENERATE_INFOPLIST_FILE = YES;
				MARKETING_VERSION = 1.0;
				PRODUCT_BUNDLE_IDENTIFIER = "com.julianvisser.vt1-watchos-Watch-AppUITests";
				PRODUCT_NAME = "$(TARGET_NAME)";
				SDKROOT = watchos;
				SWIFT_EMIT_LOC_STRINGS = NO;
				SWIFT_VERSION = 5.0;
				TARGETED_DEVICE_FAMILY = 4;
				TEST_TARGET_NAME = "vt1_watchos Watch App";
				WATCHOS_DEPLOYMENT_TARGET = 10.0;
			};
			name = Release;
		};
		C7327BA32ADD5D8300F16E63 /* Debug */ = {
			isa = XCBuildConfiguration;
			buildSettings = {
				ALWAYS_SEARCH_USER_PATHS = NO;
				ASSETCATALOG_COMPILER_GENERATE_SWIFT_ASSET_SYMBOL_EXTENSIONS = YES;
				CLANG_ANALYZER_NONNULL = YES;
				CLANG_ANALYZER_NUMBER_OBJECT_CONVERSION = YES_AGGRESSIVE;
				CLANG_CXX_LANGUAGE_STANDARD = "gnu++20";
				CLANG_ENABLE_MODULES = YES;
				CLANG_ENABLE_OBJC_ARC = YES;
				CLANG_ENABLE_OBJC_WEAK = YES;
				CLANG_WARN_BLOCK_CAPTURE_AUTORELEASING = YES;
				CLANG_WARN_BOOL_CONVERSION = YES;
				CLANG_WARN_COMMA = YES;
				CLANG_WARN_CONSTANT_CONVERSION = YES;
				CLANG_WARN_DEPRECATED_OBJC_IMPLEMENTATIONS = YES;
				CLANG_WARN_DIRECT_OBJC_ISA_USAGE = YES_ERROR;
				CLANG_WARN_DOCUMENTATION_COMMENTS = YES;
				CLANG_WARN_EMPTY_BODY = YES;
				CLANG_WARN_ENUM_CONVERSION = YES;
				CLANG_WARN_INFINITE_RECURSION = YES;
				CLANG_WARN_INT_CONVERSION = YES;
				CLANG_WARN_NON_LITERAL_NULL_CONVERSION = YES;
				CLANG_WARN_OBJC_IMPLICIT_RETAIN_SELF = YES;
				CLANG_WARN_OBJC_LITERAL_CONVERSION = YES;
				CLANG_WARN_OBJC_ROOT_CLASS = YES_ERROR;
				CLANG_WARN_QUOTED_INCLUDE_IN_FRAMEWORK_HEADER = YES;
				CLANG_WARN_RANGE_LOOP_ANALYSIS = YES;
				CLANG_WARN_STRICT_PROTOTYPES = YES;
				CLANG_WARN_SUSPICIOUS_MOVE = YES;
				CLANG_WARN_UNGUARDED_AVAILABILITY = YES_AGGRESSIVE;
				CLANG_WARN_UNREACHABLE_CODE = YES;
				CLANG_WARN__DUPLICATE_METHOD_MATCH = YES;
				COPY_PHASE_STRIP = NO;
				DEBUG_INFORMATION_FORMAT = dwarf;
				ENABLE_STRICT_OBJC_MSGSEND = YES;
				ENABLE_TESTABILITY = YES;
				ENABLE_USER_SCRIPT_SANDBOXING = YES;
				GCC_C_LANGUAGE_STANDARD = gnu17;
				GCC_DYNAMIC_NO_PIC = NO;
				GCC_NO_COMMON_BLOCKS = YES;
				GCC_OPTIMIZATION_LEVEL = 0;
				GCC_PREPROCESSOR_DEFINITIONS = (
					"DEBUG=1",
					"$(inherited)",
				);
				GCC_WARN_64_TO_32_BIT_CONVERSION = YES;
				GCC_WARN_ABOUT_RETURN_TYPE = YES_ERROR;
				GCC_WARN_UNDECLARED_SELECTOR = YES;
				GCC_WARN_UNINITIALIZED_AUTOS = YES_AGGRESSIVE;
				GCC_WARN_UNUSED_FUNCTION = YES;
				GCC_WARN_UNUSED_VARIABLE = YES;
				IPHONEOS_DEPLOYMENT_TARGET = 17.0;
				LOCALIZATION_PREFERS_STRING_CATALOGS = YES;
				MTL_ENABLE_DEBUG_INFO = INCLUDE_SOURCE;
				MTL_FAST_MATH = YES;
				ONLY_ACTIVE_ARCH = YES;
				SDKROOT = iphoneos;
				SWIFT_ACTIVE_COMPILATION_CONDITIONS = "DEBUG $(inherited)";
				SWIFT_OPTIMIZATION_LEVEL = "-Onone";
				SWIFT_STRICT_CONCURRENCY = complete;
			};
			name = Debug;
		};
		C7327BA42ADD5D8300F16E63 /* Release */ = {
			isa = XCBuildConfiguration;
			buildSettings = {
				ALWAYS_SEARCH_USER_PATHS = NO;
				ASSETCATALOG_COMPILER_GENERATE_SWIFT_ASSET_SYMBOL_EXTENSIONS = YES;
				CLANG_ANALYZER_NONNULL = YES;
				CLANG_ANALYZER_NUMBER_OBJECT_CONVERSION = YES_AGGRESSIVE;
				CLANG_CXX_LANGUAGE_STANDARD = "gnu++20";
				CLANG_ENABLE_MODULES = YES;
				CLANG_ENABLE_OBJC_ARC = YES;
				CLANG_ENABLE_OBJC_WEAK = YES;
				CLANG_WARN_BLOCK_CAPTURE_AUTORELEASING = YES;
				CLANG_WARN_BOOL_CONVERSION = YES;
				CLANG_WARN_COMMA = YES;
				CLANG_WARN_CONSTANT_CONVERSION = YES;
				CLANG_WARN_DEPRECATED_OBJC_IMPLEMENTATIONS = YES;
				CLANG_WARN_DIRECT_OBJC_ISA_USAGE = YES_ERROR;
				CLANG_WARN_DOCUMENTATION_COMMENTS = YES;
				CLANG_WARN_EMPTY_BODY = YES;
				CLANG_WARN_ENUM_CONVERSION = YES;
				CLANG_WARN_INFINITE_RECURSION = YES;
				CLANG_WARN_INT_CONVERSION = YES;
				CLANG_WARN_NON_LITERAL_NULL_CONVERSION = YES;
				CLANG_WARN_OBJC_IMPLICIT_RETAIN_SELF = YES;
				CLANG_WARN_OBJC_LITERAL_CONVERSION = YES;
				CLANG_WARN_OBJC_ROOT_CLASS = YES_ERROR;
				CLANG_WARN_QUOTED_INCLUDE_IN_FRAMEWORK_HEADER = YES;
				CLANG_WARN_RANGE_LOOP_ANALYSIS = YES;
				CLANG_WARN_STRICT_PROTOTYPES = YES;
				CLANG_WARN_SUSPICIOUS_MOVE = YES;
				CLANG_WARN_UNGUARDED_AVAILABILITY = YES_AGGRESSIVE;
				CLANG_WARN_UNREACHABLE_CODE = YES;
				CLANG_WARN__DUPLICATE_METHOD_MATCH = YES;
				COPY_PHASE_STRIP = NO;
				DEBUG_INFORMATION_FORMAT = "dwarf-with-dsym";
				ENABLE_NS_ASSERTIONS = NO;
				ENABLE_STRICT_OBJC_MSGSEND = YES;
				ENABLE_USER_SCRIPT_SANDBOXING = YES;
				GCC_C_LANGUAGE_STANDARD = gnu17;
				GCC_NO_COMMON_BLOCKS = YES;
				GCC_WARN_64_TO_32_BIT_CONVERSION = YES;
				GCC_WARN_ABOUT_RETURN_TYPE = YES_ERROR;
				GCC_WARN_UNDECLARED_SELECTOR = YES;
				GCC_WARN_UNINITIALIZED_AUTOS = YES_AGGRESSIVE;
				GCC_WARN_UNUSED_FUNCTION = YES;
				GCC_WARN_UNUSED_VARIABLE = YES;
				IPHONEOS_DEPLOYMENT_TARGET = 17.0;
				LOCALIZATION_PREFERS_STRING_CATALOGS = YES;
				MTL_ENABLE_DEBUG_INFO = NO;
				MTL_FAST_MATH = YES;
				SDKROOT = iphoneos;
				SWIFT_COMPILATION_MODE = wholemodule;
				SWIFT_STRICT_CONCURRENCY = complete;
				VALIDATE_PRODUCT = YES;
			};
			name = Release;
		};
		C7327BA62ADD5D8300F16E63 /* Debug */ = {
			isa = XCBuildConfiguration;
			buildSettings = {
				ALWAYS_EMBED_SWIFT_STANDARD_LIBRARIES = YES;
				ASSETCATALOG_COMPILER_APPICON_NAME = AppIcon;
				ASSETCATALOG_COMPILER_GLOBAL_ACCENT_COLOR_NAME = AccentColor;
				CODE_SIGN_ENTITLEMENTS = "vt1 Mobile App.entitlements";
				CODE_SIGN_IDENTITY = "Apple Development";
				CODE_SIGN_STYLE = Automatic;
				CURRENT_PROJECT_VERSION = 1;
				DEVELOPMENT_ASSET_PATHS = "\"iOS/App/Preview Content\"";
				DEVELOPMENT_TEAM = T73ZGJ9UTG;
				ENABLE_PREVIEWS = YES;
				GENERATE_INFOPLIST_FILE = YES;
				INFOPLIST_FILE = "vt1-Mobile-App-Info.plist";
				INFOPLIST_KEY_NSHealthShareUsageDescription = "Your workout related data will be used to display your saved workouts in MyWorkouts.";
				INFOPLIST_KEY_NSHealthUpdateUsageDescription = "";
				INFOPLIST_KEY_UIApplicationSceneManifest_Generation = YES;
				INFOPLIST_KEY_UIApplicationSupportsIndirectInputEvents = YES;
				INFOPLIST_KEY_UILaunchScreen_Generation = YES;
				INFOPLIST_KEY_UISupportedInterfaceOrientations_iPad = "UIInterfaceOrientationPortrait UIInterfaceOrientationPortraitUpsideDown UIInterfaceOrientationLandscapeLeft UIInterfaceOrientationLandscapeRight";
				INFOPLIST_KEY_UISupportedInterfaceOrientations_iPhone = UIInterfaceOrientationPortrait;
				LD_RUNPATH_SEARCH_PATHS = (
					"$(inherited)",
					"@executable_path/Frameworks",
				);
				MARKETING_VERSION = 1.0;
				PRODUCT_BUNDLE_IDENTIFIER = com.julianvisser.vt1;
				PRODUCT_NAME = "$(TARGET_NAME)";
				PROVISIONING_PROFILE_SPECIFIER = "";
				SWIFT_EMIT_LOC_STRINGS = YES;
				SWIFT_STRICT_CONCURRENCY = targeted;
				SWIFT_VERSION = 5.0;
				TARGETED_DEVICE_FAMILY = "1,2";
			};
			name = Debug;
		};
		C7327BA72ADD5D8300F16E63 /* Release */ = {
			isa = XCBuildConfiguration;
			buildSettings = {
				ALWAYS_EMBED_SWIFT_STANDARD_LIBRARIES = YES;
				ASSETCATALOG_COMPILER_APPICON_NAME = AppIcon;
				ASSETCATALOG_COMPILER_GLOBAL_ACCENT_COLOR_NAME = AccentColor;
				CODE_SIGN_ENTITLEMENTS = "vt1 Mobile App.entitlements";
				CODE_SIGN_IDENTITY = "Apple Development";
				CODE_SIGN_STYLE = Automatic;
				CURRENT_PROJECT_VERSION = 1;
				DEVELOPMENT_ASSET_PATHS = "\"iOS/App/Preview Content\"";
				DEVELOPMENT_TEAM = T73ZGJ9UTG;
				ENABLE_PREVIEWS = YES;
				GENERATE_INFOPLIST_FILE = YES;
				INFOPLIST_FILE = "vt1-Mobile-App-Info.plist";
				INFOPLIST_KEY_NSHealthShareUsageDescription = "Your workout related data will be used to display your saved workouts in MyWorkouts.";
				INFOPLIST_KEY_NSHealthUpdateUsageDescription = "";
				INFOPLIST_KEY_UIApplicationSceneManifest_Generation = YES;
				INFOPLIST_KEY_UIApplicationSupportsIndirectInputEvents = YES;
				INFOPLIST_KEY_UILaunchScreen_Generation = YES;
				INFOPLIST_KEY_UISupportedInterfaceOrientations_iPad = "UIInterfaceOrientationPortrait UIInterfaceOrientationPortraitUpsideDown UIInterfaceOrientationLandscapeLeft UIInterfaceOrientationLandscapeRight";
				INFOPLIST_KEY_UISupportedInterfaceOrientations_iPhone = UIInterfaceOrientationPortrait;
				LD_RUNPATH_SEARCH_PATHS = (
					"$(inherited)",
					"@executable_path/Frameworks",
				);
				MARKETING_VERSION = 1.0;
				PRODUCT_BUNDLE_IDENTIFIER = com.julianvisser.vt1;
				PRODUCT_NAME = "$(TARGET_NAME)";
				PROVISIONING_PROFILE_SPECIFIER = "";
				SWIFT_EMIT_LOC_STRINGS = YES;
				SWIFT_STRICT_CONCURRENCY = targeted;
				SWIFT_VERSION = 5.0;
				TARGETED_DEVICE_FAMILY = "1,2";
			};
			name = Release;
		};
		C7327BA92ADD5D8300F16E63 /* Debug */ = {
			isa = XCBuildConfiguration;
			buildSettings = {
				ALWAYS_EMBED_SWIFT_STANDARD_LIBRARIES = YES;
				BUNDLE_LOADER = "$(TEST_HOST)";
				CODE_SIGN_STYLE = Automatic;
				CURRENT_PROJECT_VERSION = 1;
				DEVELOPMENT_TEAM = T73ZGJ9UTG;
				GENERATE_INFOPLIST_FILE = YES;
				IPHONEOS_DEPLOYMENT_TARGET = 17.0;
				MARKETING_VERSION = 1.0;
				PRODUCT_BUNDLE_IDENTIFIER = com.julianvisser.vt1AppTests;
				PRODUCT_NAME = "$(TARGET_NAME)";
				SWIFT_EMIT_LOC_STRINGS = NO;
				SWIFT_VERSION = 5.0;
				TARGETED_DEVICE_FAMILY = "1,2";
				TEST_HOST = "$(BUILT_PRODUCTS_DIR)/vt1.app/$(BUNDLE_EXECUTABLE_FOLDER_PATH)/vt1";
			};
			name = Debug;
		};
		C7327BAA2ADD5D8300F16E63 /* Release */ = {
			isa = XCBuildConfiguration;
			buildSettings = {
				ALWAYS_EMBED_SWIFT_STANDARD_LIBRARIES = YES;
				BUNDLE_LOADER = "$(TEST_HOST)";
				CODE_SIGN_STYLE = Automatic;
				CURRENT_PROJECT_VERSION = 1;
				DEVELOPMENT_TEAM = T73ZGJ9UTG;
				GENERATE_INFOPLIST_FILE = YES;
				IPHONEOS_DEPLOYMENT_TARGET = 17.0;
				MARKETING_VERSION = 1.0;
				PRODUCT_BUNDLE_IDENTIFIER = com.julianvisser.vt1AppTests;
				PRODUCT_NAME = "$(TARGET_NAME)";
				SWIFT_EMIT_LOC_STRINGS = NO;
				SWIFT_VERSION = 5.0;
				TARGETED_DEVICE_FAMILY = "1,2";
				TEST_HOST = "$(BUILT_PRODUCTS_DIR)/vt1.app/$(BUNDLE_EXECUTABLE_FOLDER_PATH)/vt1";
			};
			name = Release;
		};
		C7327BAC2ADD5D8300F16E63 /* Debug */ = {
			isa = XCBuildConfiguration;
			buildSettings = {
				ALWAYS_EMBED_SWIFT_STANDARD_LIBRARIES = YES;
				CODE_SIGN_STYLE = Automatic;
				CURRENT_PROJECT_VERSION = 1;
				DEVELOPMENT_TEAM = T73ZGJ9UTG;
				GENERATE_INFOPLIST_FILE = YES;
				MARKETING_VERSION = 1.0;
				PRODUCT_BUNDLE_IDENTIFIER = "-com.julianvisser.vt1AppUITests";
				PRODUCT_NAME = "$(TARGET_NAME)";
				SWIFT_EMIT_LOC_STRINGS = NO;
				SWIFT_VERSION = 5.0;
				TARGETED_DEVICE_FAMILY = "1,2";
				TEST_TARGET_NAME = vt1;
			};
			name = Debug;
		};
		C7327BAD2ADD5D8300F16E63 /* Release */ = {
			isa = XCBuildConfiguration;
			buildSettings = {
				ALWAYS_EMBED_SWIFT_STANDARD_LIBRARIES = YES;
				CODE_SIGN_STYLE = Automatic;
				CURRENT_PROJECT_VERSION = 1;
				DEVELOPMENT_TEAM = T73ZGJ9UTG;
				GENERATE_INFOPLIST_FILE = YES;
				MARKETING_VERSION = 1.0;
				PRODUCT_BUNDLE_IDENTIFIER = "-com.julianvisser.vt1AppUITests";
				PRODUCT_NAME = "$(TARGET_NAME)";
				SWIFT_EMIT_LOC_STRINGS = NO;
				SWIFT_VERSION = 5.0;
				TARGETED_DEVICE_FAMILY = "1,2";
				TEST_TARGET_NAME = vt1;
			};
			name = Release;
		};
/* End XCBuildConfiguration section */

/* Begin XCConfigurationList section */
		C70462842ADFCF70009F5DD4 /* Build configuration list for PBXNativeTarget "vt1 Watch App" */ = {
			isa = XCConfigurationList;
			buildConfigurations = (
				C704627E2ADFCF70009F5DD4 /* Debug */,
				C704627F2ADFCF70009F5DD4 /* Release */,
			);
			defaultConfigurationIsVisible = 0;
			defaultConfigurationName = Release;
		};
		C70462852ADFCF70009F5DD4 /* Build configuration list for PBXNativeTarget "vt1 Watch AppTests" */ = {
			isa = XCConfigurationList;
			buildConfigurations = (
				C70462802ADFCF70009F5DD4 /* Debug */,
				C70462812ADFCF70009F5DD4 /* Release */,
			);
			defaultConfigurationIsVisible = 0;
			defaultConfigurationName = Release;
		};
		C70462862ADFCF70009F5DD4 /* Build configuration list for PBXNativeTarget "vtt1 Watch AppUITests" */ = {
			isa = XCConfigurationList;
			buildConfigurations = (
				C70462822ADFCF70009F5DD4 /* Debug */,
				C70462832ADFCF70009F5DD4 /* Release */,
			);
			defaultConfigurationIsVisible = 0;
			defaultConfigurationName = Release;
		};
		C7327B7A2ADD5D8200F16E63 /* Build configuration list for PBXProject "vt1" */ = {
			isa = XCConfigurationList;
			buildConfigurations = (
				C7327BA32ADD5D8300F16E63 /* Debug */,
				C7327BA42ADD5D8300F16E63 /* Release */,
			);
			defaultConfigurationIsVisible = 0;
			defaultConfigurationName = Release;
		};
		C7327BA52ADD5D8300F16E63 /* Build configuration list for PBXNativeTarget "vt1 Mobile App" */ = {
			isa = XCConfigurationList;
			buildConfigurations = (
				C7327BA62ADD5D8300F16E63 /* Debug */,
				C7327BA72ADD5D8300F16E63 /* Release */,
			);
			defaultConfigurationIsVisible = 0;
			defaultConfigurationName = Release;
		};
		C7327BA82ADD5D8300F16E63 /* Build configuration list for PBXNativeTarget "vt1 Mobile App Tests" */ = {
			isa = XCConfigurationList;
			buildConfigurations = (
				C7327BA92ADD5D8300F16E63 /* Debug */,
				C7327BAA2ADD5D8300F16E63 /* Release */,
			);
			defaultConfigurationIsVisible = 0;
			defaultConfigurationName = Release;
		};
		C7327BAB2ADD5D8300F16E63 /* Build configuration list for PBXNativeTarget "vt1 Mobile AppUITests" */ = {
			isa = XCConfigurationList;
			buildConfigurations = (
				C7327BAC2ADD5D8300F16E63 /* Debug */,
				C7327BAD2ADD5D8300F16E63 /* Release */,
			);
			defaultConfigurationIsVisible = 0;
			defaultConfigurationName = Release;
		};
/* End XCConfigurationList section */
	};
	rootObject = C7327B772ADD5D8200F16E63 /* Project object */;
}
